// !$*UTF8*$!
{
	archiveVersion = 1;
	classes = {
	};
	objectVersion = 46;
	objects = {

/* Begin PBXBuildFile section */
		0A9B676E1F1AB75B00B55A2F /* main.cpp in Sources */ = {isa = PBXBuildFile; fileRef = 0A9B676D1F1AB75B00B55A2F /* main.cpp */; };
		0A9B67761F1AB83200B55A2F /* GLUT.framework in Frameworks */ = {isa = PBXBuildFile; fileRef = 0A9B67751F1AB83200B55A2F /* GLUT.framework */; };
		0A9B67781F1AB83900B55A2F /* OpenGL.framework in Frameworks */ = {isa = PBXBuildFile; fileRef = 0A9B67771F1AB83900B55A2F /* OpenGL.framework */; };
/* End PBXBuildFile section */

/* Begin PBXCopyFilesBuildPhase section */
		0A9B67681F1AB75B00B55A2F /* CopyFiles */ = {
			isa = PBXCopyFilesBuildPhase;
			buildActionMask = 2147483647;
			dstPath = /usr/share/man/man1/;
			dstSubfolderSpec = 0;
			files = (
			);
			runOnlyForDeploymentPostprocessing = 1;
		};
/* End PBXCopyFilesBuildPhase section */

/* Begin PBXFileReference section */
		0A9B676A1F1AB75B00B55A2F /* Hering_Illusion */ = {isa = PBXFileReference; explicitFileType = "compiled.mach-o.executable"; includeInIndex = 0; path = Hering_Illusion; sourceTree = BUILT_PRODUCTS_DIR; };
		0A9B676D1F1AB75B00B55A2F /* main.cpp */ = {isa = PBXFileReference; lastKnownFileType = sourcecode.cpp.cpp; path = main.cpp; sourceTree = "<group>"; };
		0A9B67751F1AB83200B55A2F /* GLUT.framework */ = {isa = PBXFileReference; lastKnownFileType = wrapper.framework; name = GLUT.framework; path = System/Library/Frameworks/GLUT.framework; sourceTree = SDKROOT; };
		0A9B67771F1AB83900B55A2F /* OpenGL.framework */ = {isa = PBXFileReference; lastKnownFileType = wrapper.framework; name = OpenGL.framework; path = System/Library/Frameworks/OpenGL.framework; sourceTree = SDKROOT; };
/* End PBXFileReference section */

/* Begin PBXFrameworksBuildPhase section */
		0A9B67671F1AB75B00B55A2F /* Frameworks */ = {
			isa = PBXFrameworksBuildPhase;
			buildActionMask = 2147483647;
			files = (
				0A9B67781F1AB83900B55A2F /* OpenGL.framework in Frameworks */,
				0A9B67761F1AB83200B55A2F /* GLUT.framework in Frameworks */,
			);
			runOnlyForDeploymentPostprocessing = 0;
		};
/* End PBXFrameworksBuildPhase section */

/* Begin PBXGroup section */
		0A9B67611F1AB75B00B55A2F = {
			isa = PBXGroup;
			children = (
				0A9B676C1F1AB75B00B55A2F /* Hering_Illusion */,
				0A9B676B1F1AB75B00B55A2F /* Products */,
				0A9B67741F1AB83200B55A2F /* Frameworks */,
			);
			sourceTree = "<group>";
		};
		0A9B676B1F1AB75B00B55A2F /* Products */ = {
			isa = PBXGroup;
			children = (
				0A9B676A1F1AB75B00B55A2F /* Hering_Illusion */,
			);
			name = Products;
			sourceTree = "<group>";
		};
		0A9B676C1F1AB75B00B55A2F /* Hering_Illusion */ = {
			isa = PBXGroup;
			children = (
				0A9B676D1F1AB75B00B55A2F /* main.cpp */,
			);
			path = Hering_Illusion;
			sourceTree = "<group>";
		};
		0A9B67741F1AB83200B55A2F /* Frameworks */ = {
			isa = PBXGroup;
			children = (
				0A9B67771F1AB83900B55A2F /* OpenGL.framework */,
				0A9B67751F1AB83200B55A2F /* GLUT.framework */,
			);
			name = Frameworks;
			sourceTree = "<group>";
		};
/* End PBXGroup section */

/* Begin PBXNativeTarget section */
		0A9B67691F1AB75B00B55A2F /* Hering_Illusion */ = {
			isa = PBXNativeTarget;
			buildConfigurationList = 0A9B67711F1AB75B00B55A2F /* Build configuration list for PBXNativeTarget "Hering_Illusion" */;
			buildPhases = (
				0A9B67661F1AB75B00B55A2F /* Sources */,
				0A9B67671F1AB75B00B55A2F /* Frameworks */,
				0A9B67681F1AB75B00B55A2F /* CopyFiles */,
			);
			buildRules = (
			);
			dependencies = (
			);
			name = Hering_Illusion;
			productName = Hering_Illusion;
			productReference = 0A9B676A1F1AB75B00B55A2F /* Hering_Illusion */;
			productType = "com.apple.product-type.tool";
		};
/* End PBXNativeTarget section */

/* Begin PBXProject section */
		0A9B67621F1AB75B00B55A2F /* Project object */ = {
			isa = PBXProject;
			attributes = {
				LastUpgradeCheck = 0830;
				ORGANIZATIONNAME = "Li Dai";
				TargetAttributes = {
					0A9B67691F1AB75B00B55A2F = {
						CreatedOnToolsVersion = 8.3.3;
						DevelopmentTeam = 5Z25456MNU;
						ProvisioningStyle = Automatic;
					};
				};
			};
			buildConfigurationList = 0A9B67651F1AB75B00B55A2F /* Build configuration list for PBXProject "Hering_Illusion" */;
			compatibilityVersion = "Xcode 3.2";
			developmentRegion = English;
			hasScannedForEncodings = 0;
			knownRegions = (
				en,
			);
			mainGroup = 0A9B67611F1AB75B00B55A2F;
			productRefGroup = 0A9B676B1F1AB75B00B55A2F /* Products */;
			projectDirPath = "";
			projectRoot = "";
			targets = (
				0A9B67691F1AB75B00B55A2F /* Hering_Illusion */,
			);
		};
/* End PBXProject section */

/* Begin PBXSourcesBuildPhase section */
		0A9B67661F1AB75B00B55A2F /* Sources */ = {
			isa = PBXSourcesBuildPhase;
			buildActionMask = 2147483647;
			files = (
				0A9B676E1F1AB75B00B55A2F /* main.cpp in Sources */,
			);
			runOnlyForDeploymentPostprocessing = 0;
		};
/* End PBXSourcesBuildPhase section */

/* Begin XCBuildConfiguration section */
		0A9B676F1F1AB75B00B55A2F /* Debug */ = {
			isa = XCBuildConfiguration;
			buildSettings = {
				ALWAYS_SEARCH_USER_PATHS = NO;
				CLANG_ANALYZER_NONNULL = YES;
				CLANG_ANALYZER_NUMBER_OBJECT_CONVERSION = YES_AGGRESSIVE;
				CLANG_CXX_LANGUAGE_STANDARD = "gnu++0x";
				CLANG_CXX_LIBRARY = "libc++";
				CLANG_ENABLE_MODULES = YES;
				CLANG_ENABLE_OBJC_ARC = YES;
				CLANG_WARN_BOOL_CONVERSION = YES;
				CLANG_WARN_CONSTANT_CONVERSION = YES;
				CLANG_WARN_DIRECT_OBJC_ISA_USAGE = YES_ERROR;
				CLANG_WARN_DOCUMENTATION_COMMENTS = YES;
				CLANG_WARN_EMPTY_BODY = YES;
				CLANG_WARN_ENUM_CONVERSION = YES;
				CLANG_WARN_INFINITE_RECURSION = YES;
				CLANG_WARN_INT_CONVERSION = YES;
				CLANG_WARN_OBJC_ROOT_CLASS = YES_ERROR;
				CLANG_WARN_SUSPICIOUS_MOVE = YES;
				CLANG_WARN_UNREACHABLE_CODE = YES;
				CLANG_WARN__DUPLICATE_METHOD_MATCH = YES;
				CODE_SIGN_IDENTITY = "-";
				COPY_PHASE_STRIP = NO;
				DEBUG_INFORMATION_FORMAT = dwarf;
				ENABLE_STRICT_OBJC_MSGSEND = YES;
				ENABLE_TESTABILITY = YES;
				GCC_C_LANGUAGE_STANDARD = gnu99;
				GCC_DYNAMIC_NO_PIC = NO;
				GCC_NO_COMMON_BLOCKS = YES;
				GCC_OPTIMIZATION_LEVEL = 0;
				GCC_PREPROCESSOR_DEFINITIONS = (
					"DEBUG=1",
					"$(inherited)",
				);
				GCC_WARN_64_TO_32_BIT_CONVERSION = YES;
				GCC_WARN_ABOUT_RETURN_TYPE = YES_ERROR;
				GCC_WARN_UNDECLARED_SELECTOR = YES;
				GCC_WARN_UNINITIALIZED_AUTOS = YES_AGGRESSIVE;
				GCC_WARN_UNUSED_FUNCTION = YES;
				GCC_WARN_UNUSED_VARIABLE = YES;
				MACOSX_DEPLOYMENT_TARGET = 10.12;
				MTL_ENABLE_DEBUG_INFO = YES;
				ONLY_ACTIVE_ARCH = YES;
				SDKROOT = macosx;
			};
			name = Debug;
		};
		0A9B67701F1AB75B00B55A2F /* Release */ = {
			isa = XCBuildConfiguration;
			buildSettings = {
				ALWAYS_SEARCH_USER_PATHS = NO;
				CLANG_ANALYZER_NONNULL = YES;
				CLANG_ANALYZER_NUMBER_OBJECT_CONVERSION = YES_AGGRESSIVE;
				CLANG_CXX_LANGUAGE_STANDARD = "gnu++0x";
				CLANG_CXX_LIBRARY = "libc++";
				CLANG_ENABLE_MODULES = YES;
				CLANG_ENABLE_OBJC_ARC = YES;
				CLANG_WARN_BOOL_CONVERSION = YES;
				CLANG_WARN_CONSTANT_CONVERSION = YES;
				CLANG_WARN_DIRECT_OBJC_ISA_USAGE = YES_ERROR;
				CLANG_WARN_DOCUMENTATION_COMMENTS = YES;
				CLANG_WARN_EMPTY_BODY = YES;
				CLANG_WARN_ENUM_CONVERSION = YES;
				CLANG_WARN_INFINITE_RECURSION = YES;
				CLANG_WARN_INT_CONVERSION = YES;
				CLANG_WARN_OBJC_ROOT_CLASS = YES_ERROR;
				CLANG_WARN_SUSPICIOUS_MOVE = YES;
				CLANG_WARN_UNREACHABLE_CODE = YES;
				CLANG_WARN__DUPLICATE_METHOD_MATCH = YES;
				CODE_SIGN_IDENTITY = "-";
				COPY_PHASE_STRIP = NO;
				DEBUG_INFORMATION_FORMAT = "dwarf-with-dsym";
				ENABLE_NS_ASSERTIONS = NO;
				ENABLE_STRICT_OBJC_MSGSEND = YES;
				GCC_C_LANGUAGE_STANDARD = gnu99;
				GCC_NO_COMMON_BLOCKS = YES;
				GCC_WARN_64_TO_32_BIT_CONVERSION = YES;
				GCC_WARN_ABOUT_RETURN_TYPE = YES_ERROR;
				GCC_WARN_UNDECLARED_SELECTOR = YES;
				GCC_WARN_UNINITIALIZED_AUTOS = YES_AGGRESSIVE;
				GCC_WARN_UNUSED_FUNCTION = YES;
				GCC_WARN_UNUSED_VARIABLE = YES;
				MACOSX_DEPLOYMENT_TARGET = 10.12;
				MTL_ENABLE_DEBUG_INFO = NO;
				SDKROOT = macosx;
			};
			name = Release;
		};
		0A9B67721F1AB75B00B55A2F /* Debug */ = {
			isa = XCBuildConfiguration;
			buildSettings = {
				DEVELOPMENT_TEAM = 5Z25456MNU;
				PRODUCT_NAME = "$(TARGET_NAME)";
			};
			name = Debug;
		};
		0A9B67731F1AB75B00B55A2F /* Release */ = {
			isa = XCBuildConfiguration;
			buildSettings = {
				DEVELOPMENT_TEAM = 5Z25456MNU;
				PRODUCT_NAME = "$(TARGET_NAME)";
			};
			name = Release;
		};
/* End XCBuildConfiguration section */

/* Begin XCConfigurationList section */
		0A9B67651F1AB75B00B55A2F /* Build configuration list for PBXProject "Hering_Illusion" */ = {
			isa = XCConfigurationList;
			buildConfigurations = (
				0A9B676F1F1AB75B00B55A2F /* Debug */,
				0A9B67701F1AB75B00B55A2F /* Release */,
			);
			defaultConfigurationIsVisible = 0;
			defaultConfigurationName = Release;
		};
		0A9B67711F1AB75B00B55A2F /* Build configuration list for PBXNativeTarget "Hering_Illusion" */ = {
			isa = XCConfigurationList;
			buildConfigurations = (
				0A9B67721F1AB75B00B55A2F /* Debug */,
				0A9B67731F1AB75B00B55A2F /* Release */,
			);
			defaultConfigurationIsVisible = 0;
		};
/* End XCConfigurationList section */
	};
	rootObject = 0A9B67621F1AB75B00B55A2F /* Project object */;
}
