// !$*UTF8*$!
{
	archiveVersion = 1;
	classes = {
	};
	objectVersion = 46;
	objects = {

/* Begin PBXBuildFile section */
		0A9B679E1F1EE85400B55A2F /* main.cpp in Sources */ = {isa = PBXBuildFile; fileRef = 0A9B679D1F1EE85400B55A2F /* main.cpp */; };
		0A9B67A61F1EE85F00B55A2F /* OpenGL.framework in Frameworks */ = {isa = PBXBuildFile; fileRef = 0A9B67A51F1EE85F00B55A2F /* OpenGL.framework */; };
		0A9B67A81F1EE86500B55A2F /* GLUT.framework in Frameworks */ = {isa = PBXBuildFile; fileRef = 0A9B67A71F1EE86500B55A2F /* GLUT.framework */; };
/* End PBXBuildFile section */

/* Begin PBXCopyFilesBuildPhase section */
		0A9B67981F1EE85400B55A2F /* CopyFiles */ = {
			isa = PBXCopyFilesBuildPhase;
			buildActionMask = 2147483647;
			dstPath = /usr/share/man/man1/;
			dstSubfolderSpec = 0;
			files = (
			);
			runOnlyForDeploymentPostprocessing = 1;
		};
/* End PBXCopyFilesBuildPhase section */

/* Begin PBXFileReference section */
		0A9B679A1F1EE85400B55A2F /* Cafe_Wall */ = {isa = PBXFileReference; explicitFileType = "compiled.mach-o.executable"; includeInIndex = 0; path = Cafe_Wall; sourceTree = BUILT_PRODUCTS_DIR; };
		0A9B679D1F1EE85400B55A2F /* main.cpp */ = {isa = PBXFileReference; lastKnownFileType = sourcecode.cpp.cpp; path = main.cpp; sourceTree = "<group>"; };
		0A9B67A51F1EE85F00B55A2F /* OpenGL.framework */ = {isa = PBXFileReference; lastKnownFileType = wrapper.framework; name = OpenGL.framework; path = System/Library/Frameworks/OpenGL.framework; sourceTree = SDKROOT; };
		0A9B67A71F1EE86500B55A2F /* GLUT.framework */ = {isa = PBXFileReference; lastKnownFileType = wrapper.framework; name = GLUT.framework; path = System/Library/Frameworks/GLUT.framework; sourceTree = SDKROOT; };
/* End PBXFileReference section */

/* Begin PBXFrameworksBuildPhase section */
		0A9B67971F1EE85400B55A2F /* Frameworks */ = {
			isa = PBXFrameworksBuildPhase;
			buildActionMask = 2147483647;
			files = (
				0A9B67A81F1EE86500B55A2F /* GLUT.framework in Frameworks */,
				0A9B67A61F1EE85F00B55A2F /* OpenGL.framework in Frameworks */,
			);
			runOnlyForDeploymentPostprocessing = 0;
		};
/* End PBXFrameworksBuildPhase section */

/* Begin PBXGroup section */
		0A9B67911F1EE85400B55A2F = {
			isa = PBXGroup;
			children = (
				0A9B679C1F1EE85400B55A2F /* Cafe_Wall */,
				0A9B679B1F1EE85400B55A2F /* Products */,
				0A9B67A41F1EE85F00B55A2F /* Frameworks */,
			);
			sourceTree = "<group>";
		};
		0A9B679B1F1EE85400B55A2F /* Products */ = {
			isa = PBXGroup;
			children = (
				0A9B679A1F1EE85400B55A2F /* Cafe_Wall */,
			);
			name = Products;
			sourceTree = "<group>";
		};
		0A9B679C1F1EE85400B55A2F /* Cafe_Wall */ = {
			isa = PBXGroup;
			children = (
				0A9B679D1F1EE85400B55A2F /* main.cpp */,
			);
			path = Cafe_Wall;
			sourceTree = "<group>";
		};
		0A9B67A41F1EE85F00B55A2F /* Frameworks */ = {
			isa = PBXGroup;
			children = (
				0A9B67A71F1EE86500B55A2F /* GLUT.framework */,
				0A9B67A51F1EE85F00B55A2F /* OpenGL.framework */,
			);
			name = Frameworks;
			sourceTree = "<group>";
		};
/* End PBXGroup section */

/* Begin PBXNativeTarget section */
		0A9B67991F1EE85400B55A2F /* Cafe_Wall */ = {
			isa = PBXNativeTarget;
			buildConfigurationList = 0A9B67A11F1EE85400B55A2F /* Build configuration list for PBXNativeTarget "Cafe_Wall" */;
			buildPhases = (
				0A9B67961F1EE85400B55A2F /* Sources */,
				0A9B67971F1EE85400B55A2F /* Frameworks */,
				0A9B67981F1EE85400B55A2F /* CopyFiles */,
			);
			buildRules = (
			);
			dependencies = (
			);
			name = Cafe_Wall;
			productName = Cafe_Wall;
			productReference = 0A9B679A1F1EE85400B55A2F /* Cafe_Wall */;
			productType = "com.apple.product-type.tool";
		};
/* End PBXNativeTarget section */

/* Begin PBXProject section */
		0A9B67921F1EE85400B55A2F /* Project object */ = {
			isa = PBXProject;
			attributes = {
				LastUpgradeCheck = 0830;
				ORGANIZATIONNAME = "Li Dai";
				TargetAttributes = {
					0A9B67991F1EE85400B55A2F = {
						CreatedOnToolsVersion = 8.3.3;
						DevelopmentTeam = 5Z25456MNU;
						ProvisioningStyle = Automatic;
					};
				};
			};
			buildConfigurationList = 0A9B67951F1EE85400B55A2F /* Build configuration list for PBXProject "Cafe_Wall" */;
			compatibilityVersion = "Xcode 3.2";
			developmentRegion = English;
			hasScannedForEncodings = 0;
			knownRegions = (
				en,
			);
			mainGroup = 0A9B67911F1EE85400B55A2F;
			productRefGroup = 0A9B679B1F1EE85400B55A2F /* Products */;
			projectDirPath = "";
			projectRoot = "";
			targets = (
				0A9B67991F1EE85400B55A2F /* Cafe_Wall */,
			);
		};
/* End PBXProject section */

/* Begin PBXSourcesBuildPhase section */
		0A9B67961F1EE85400B55A2F /* Sources */ = {
			isa = PBXSourcesBuildPhase;
			buildActionMask = 2147483647;
			files = (
				0A9B679E1F1EE85400B55A2F /* main.cpp in Sources */,
			);
			runOnlyForDeploymentPostprocessing = 0;
		};
/* End PBXSourcesBuildPhase section */

/* Begin XCBuildConfiguration section */
		0A9B679F1F1EE85400B55A2F /* Debug */ = {
			isa = XCBuildConfiguration;
			buildSettings = {
				ALWAYS_SEARCH_USER_PATHS = NO;
				CLANG_ANALYZER_NONNULL = YES;
				CLANG_ANALYZER_NUMBER_OBJECT_CONVERSION = YES_AGGRESSIVE;
				CLANG_CXX_LANGUAGE_STANDARD = "gnu++0x";
				CLANG_CXX_LIBRARY = "libc++";
				CLANG_ENABLE_MODULES = YES;
				CLANG_ENABLE_OBJC_ARC = YES;
				CLANG_WARN_BOOL_CONVERSION = YES;
				CLANG_WARN_CONSTANT_CONVERSION = YES;
				CLANG_WARN_DIRECT_OBJC_ISA_USAGE = YES_ERROR;
				CLANG_WARN_DOCUMENTATION_COMMENTS = YES;
				CLANG_WARN_EMPTY_BODY = YES;
				CLANG_WARN_ENUM_CONVERSION = YES;
				CLANG_WARN_INFINITE_RECURSION = YES;
				CLANG_WARN_INT_CONVERSION = YES;
				CLANG_WARN_OBJC_ROOT_CLASS = YES_ERROR;
				CLANG_WARN_SUSPICIOUS_MOVE = YES;
				CLANG_WARN_UNREACHABLE_CODE = YES;
				CLANG_WARN__DUPLICATE_METHOD_MATCH = YES;
				CODE_SIGN_IDENTITY = "-";
				COPY_PHASE_STRIP = NO;
				DEBUG_INFORMATION_FORMAT = dwarf;
				ENABLE_STRICT_OBJC_MSGSEND = YES;
				ENABLE_TESTABILITY = YES;
				GCC_C_LANGUAGE_STANDARD = gnu99;
				GCC_DYNAMIC_NO_PIC = NO;
				GCC_NO_COMMON_BLOCKS = YES;
				GCC_OPTIMIZATION_LEVEL = 0;
				GCC_PREPROCESSOR_DEFINITIONS = (
					"DEBUG=1",
					"$(inherited)",
				);
				GCC_WARN_64_TO_32_BIT_CONVERSION = YES;
				GCC_WARN_ABOUT_RETURN_TYPE = YES_ERROR;
				GCC_WARN_UNDECLARED_SELECTOR = YES;
				GCC_WARN_UNINITIALIZED_AUTOS = YES_AGGRESSIVE;
				GCC_WARN_UNUSED_FUNCTION = YES;
				GCC_WARN_UNUSED_VARIABLE = YES;
				MACOSX_DEPLOYMENT_TARGET = 10.12;
				MTL_ENABLE_DEBUG_INFO = YES;
				ONLY_ACTIVE_ARCH = YES;
				SDKROOT = macosx;
			};
			name = Debug;
		};
		0A9B67A01F1EE85400B55A2F /* Release */ = {
			isa = XCBuildConfiguration;
			buildSettings = {
				ALWAYS_SEARCH_USER_PATHS = NO;
				CLANG_ANALYZER_NONNULL = YES;
				CLANG_ANALYZER_NUMBER_OBJECT_CONVERSION = YES_AGGRESSIVE;
				CLANG_CXX_LANGUAGE_STANDARD = "gnu++0x";
				CLANG_CXX_LIBRARY = "libc++";
				CLANG_ENABLE_MODULES = YES;
				CLANG_ENABLE_OBJC_ARC = YES;
				CLANG_WARN_BOOL_CONVERSION = YES;
				CLANG_WARN_CONSTANT_CONVERSION = YES;
				CLANG_WARN_DIRECT_OBJC_ISA_USAGE = YES_ERROR;
				CLANG_WARN_DOCUMENTATION_COMMENTS = YES;
				CLANG_WARN_EMPTY_BODY = YES;
				CLANG_WARN_ENUM_CONVERSION = YES;
				CLANG_WARN_INFINITE_RECURSION = YES;
				CLANG_WARN_INT_CONVERSION = YES;
				CLANG_WARN_OBJC_ROOT_CLASS = YES_ERROR;
				CLANG_WARN_SUSPICIOUS_MOVE = YES;
				CLANG_WARN_UNREACHABLE_CODE = YES;
				CLANG_WARN__DUPLICATE_METHOD_MATCH = YES;
				CODE_SIGN_IDENTITY = "-";
				COPY_PHASE_STRIP = NO;
				DEBUG_INFORMATION_FORMAT = "dwarf-with-dsym";
				ENABLE_NS_ASSERTIONS = NO;
				ENABLE_STRICT_OBJC_MSGSEND = YES;
				GCC_C_LANGUAGE_STANDARD = gnu99;
				GCC_NO_COMMON_BLOCKS = YES;
				GCC_WARN_64_TO_32_BIT_CONVERSION = YES;
				GCC_WARN_ABOUT_RETURN_TYPE = YES_ERROR;
				GCC_WARN_UNDECLARED_SELECTOR = YES;
				GCC_WARN_UNINITIALIZED_AUTOS = YES_AGGRESSIVE;
				GCC_WARN_UNUSED_FUNCTION = YES;
				GCC_WARN_UNUSED_VARIABLE = YES;
				MACOSX_DEPLOYMENT_TARGET = 10.12;
				MTL_ENABLE_DEBUG_INFO = NO;
				SDKROOT = macosx;
			};
			name = Release;
		};
		0A9B67A21F1EE85400B55A2F /* Debug */ = {
			isa = XCBuildConfiguration;
			buildSettings = {
				DEVELOPMENT_TEAM = 5Z25456MNU;
				PRODUCT_NAME = "$(TARGET_NAME)";
			};
			name = Debug;
		};
		0A9B67A31F1EE85400B55A2F /* Release */ = {
			isa = XCBuildConfiguration;
			buildSettings = {
				DEVELOPMENT_TEAM = 5Z25456MNU;
				PRODUCT_NAME = "$(TARGET_NAME)";
			};
			name = Release;
		};
/* End XCBuildConfiguration section */

/* Begin XCConfigurationList section */
		0A9B67951F1EE85400B55A2F /* Build configuration list for PBXProject "Cafe_Wall" */ = {
			isa = XCConfigurationList;
			buildConfigurations = (
				0A9B679F1F1EE85400B55A2F /* Debug */,
				0A9B67A01F1EE85400B55A2F /* Release */,
			);
			defaultConfigurationIsVisible = 0;
			defaultConfigurationName = Release;
		};
		0A9B67A11F1EE85400B55A2F /* Build configuration list for PBXNativeTarget "Cafe_Wall" */ = {
			isa = XCConfigurationList;
			buildConfigurations = (
				0A9B67A21F1EE85400B55A2F /* Debug */,
				0A9B67A31F1EE85400B55A2F /* Release */,
			);
			defaultConfigurationIsVisible = 0;
		};
/* End XCConfigurationList section */
	};
	rootObject = 0A9B67921F1EE85400B55A2F /* Project object */;
}
